{
  "name": "ng-rsocket-rxjs",
  "version": "0.0.1",
  "lockfileVersion": 1,
  "requires": true,
  "dependencies": {
    "karma-opera-launcher": {
      "version": "1.0.0",
      "resolved": "https://registry.npmjs.org/karma-opera-launcher/-/karma-opera-launcher-1.0.0.tgz",
      "integrity": "sha1-+lFihTGh0L6EstjcDX7iCfyP+Ro=",
      "dev": true
    }
  }
}
